
Microsoft Visual Studio Solution File, Format Version 12.00
# Visual Studio Version 16
VisualStudioVersion = 16.0.28729.10
MinimumVisualStudioVersion = 10.0.40219.1
Project("{2150E333-8FDC-42A3-9474-1A3956D46DE8}") = "_Clients", "_Clients", "{859F49D0-8E98-4AFE-8E92-9B7FCD491DB1}"
EndProject
Project("{2150E333-8FDC-42A3-9474-1A3956D46DE8}") = "Apis", "Apis", "{4032ADAD-B62E-4D50-B389-727E51C4ADE7}"
EndProject
Project("{2150E333-8FDC-42A3-9474-1A3956D46DE8}") = "Services", "Services", "{B32A1DDE-B150-4054-A230-6998F4CE3B19}"
EndProject
Project("{2150E333-8FDC-42A3-9474-1A3956D46DE8}") = "Transversals", "Transversals", "{D7B20D7B-0640-4174-96F4-A95AEBA6F922}"
EndProject
Project("{2150E333-8FDC-42A3-9474-1A3956D46DE8}") = "Persistence", "Persistence", "{C581BD24-349F-404B-B932-B52E598BDD78}"
EndProject
Project("{9A19103F-16F7-4668-BE54-9A1E7A4F7556}") = "Mersy.Common", "Mersy.Common\Mersy.Common.csproj", "{1FDB32D8-B5C7-480A-B0CB-8B87F5275C18}"
EndProject
Project("{9A19103F-16F7-4668-BE54-9A1E7A4F7556}") = "Mersy.Repositories", "Mersy.Repositories\Mersy.Repositories.csproj", "{96BF9A6F-876C-494B-9567-2960D2F1859D}"
EndProject
Project("{9A19103F-16F7-4668-BE54-9A1E7A4F7556}") = "Mersy.Infraestructure", "Mersy.Infraestructure\Mersy.Infraestructure.csproj", "{030A368F-9CE5-468C-BBAF-498CF6FFF298}"
EndProject
Project("{9A19103F-16F7-4668-BE54-9A1E7A4F7556}") = "Mersy.Web", "Mersy.Web\Mersy.Web.csproj", "{677CB9C2-DA74-44E7-B8F4-5B24F90A6137}"
EndProject
Project("{9A19103F-16F7-4668-BE54-9A1E7A4F7556}") = "Mersy.Api", "Mersy.API\Mersy.Api.csproj", "{07D85814-AF37-4674-AD0B-06102F765869}"
EndProject
Global
	GlobalSection(SolutionConfigurationPlatforms) = preSolution
		Ad-Hoc|Any CPU = Ad-Hoc|Any CPU
		Ad-Hoc|ARM = Ad-Hoc|ARM
		Ad-Hoc|iPhone = Ad-Hoc|iPhone
		Ad-Hoc|iPhoneSimulator = Ad-Hoc|iPhoneSimulator
		Ad-Hoc|x64 = Ad-Hoc|x64
		Ad-Hoc|x86 = Ad-Hoc|x86
		AppStore|Any CPU = AppStore|Any CPU
		AppStore|ARM = AppStore|ARM
		AppStore|iPhone = AppStore|iPhone
		AppStore|iPhoneSimulator = AppStore|iPhoneSimulator
		AppStore|x64 = AppStore|x64
		AppStore|x86 = AppStore|x86
		Debug|Any CPU = Debug|Any CPU
		Debug|ARM = Debug|ARM
		Debug|iPhone = Debug|iPhone
		Debug|iPhoneSimulator = Debug|iPhoneSimulator
		Debug|x64 = Debug|x64
		Debug|x86 = Debug|x86
		Release|Any CPU = Release|Any CPU
		Release|ARM = Release|ARM
		Release|iPhone = Release|iPhone
		Release|iPhoneSimulator = Release|iPhoneSimulator
		Release|x64 = Release|x64
		Release|x86 = Release|x86
	EndGlobalSection
	GlobalSection(ProjectConfigurationPlatforms) = postSolution
		{1FDB32D8-B5C7-480A-B0CB-8B87F5275C18}.Ad-Hoc|Any CPU.ActiveCfg = Release|Any CPU
		{1FDB32D8-B5C7-480A-B0CB-8B87F5275C18}.Ad-Hoc|Any CPU.Build.0 = Release|Any CPU
		{1FDB32D8-B5C7-480A-B0CB-8B87F5275C18}.Ad-Hoc|ARM.ActiveCfg = Release|Any CPU
		{1FDB32D8-B5C7-480A-B0CB-8B87F5275C18}.Ad-Hoc|ARM.Build.0 = Release|Any CPU
		{1FDB32D8-B5C7-480A-B0CB-8B87F5275C18}.Ad-Hoc|iPhone.ActiveCfg = Release|Any CPU
		{1FDB32D8-B5C7-480A-B0CB-8B87F5275C18}.Ad-Hoc|iPhone.Build.0 = Release|Any CPU
		{1FDB32D8-B5C7-480A-B0CB-8B87F5275C18}.Ad-Hoc|iPhoneSimulator.ActiveCfg = Release|Any CPU
		{1FDB32D8-B5C7-480A-B0CB-8B87F5275C18}.Ad-Hoc|iPhoneSimulator.Build.0 = Release|Any CPU
		{1FDB32D8-B5C7-480A-B0CB-8B87F5275C18}.Ad-Hoc|x64.ActiveCfg = Release|Any CPU
		{1FDB32D8-B5C7-480A-B0CB-8B87F5275C18}.Ad-Hoc|x64.Build.0 = Release|Any CPU
		{1FDB32D8-B5C7-480A-B0CB-8B87F5275C18}.Ad-Hoc|x86.ActiveCfg = Release|Any CPU
		{1FDB32D8-B5C7-480A-B0CB-8B87F5275C18}.Ad-Hoc|x86.Build.0 = Release|Any CPU
		{1FDB32D8-B5C7-480A-B0CB-8B87F5275C18}.AppStore|Any CPU.ActiveCfg = Release|Any CPU
		{1FDB32D8-B5C7-480A-B0CB-8B87F5275C18}.AppStore|Any CPU.Build.0 = Release|Any CPU
		{1FDB32D8-B5C7-480A-B0CB-8B87F5275C18}.AppStore|ARM.ActiveCfg = Release|Any CPU
		{1FDB32D8-B5C7-480A-B0CB-8B87F5275C18}.AppStore|ARM.Build.0 = Release|Any CPU
		{1FDB32D8-B5C7-480A-B0CB-8B87F5275C18}.AppStore|iPhone.ActiveCfg = Release|Any CPU
		{1FDB32D8-B5C7-480A-B0CB-8B87F5275C18}.AppStore|iPhone.Build.0 = Release|Any CPU
		{1FDB32D8-B5C7-480A-B0CB-8B87F5275C18}.AppStore|iPhoneSimulator.ActiveCfg = Release|Any CPU
		{1FDB32D8-B5C7-480A-B0CB-8B87F5275C18}.AppStore|iPhoneSimulator.Build.0 = Release|Any CPU
		{1FDB32D8-B5C7-480A-B0CB-8B87F5275C18}.AppStore|x64.ActiveCfg = Release|Any CPU
		{1FDB32D8-B5C7-480A-B0CB-8B87F5275C18}.AppStore|x64.Build.0 = Release|Any CPU
		{1FDB32D8-B5C7-480A-B0CB-8B87F5275C18}.AppStore|x86.ActiveCfg = Release|Any CPU
		{1FDB32D8-B5C7-480A-B0CB-8B87F5275C18}.AppStore|x86.Build.0 = Release|Any CPU
		{1FDB32D8-B5C7-480A-B0CB-8B87F5275C18}.Debug|Any CPU.ActiveCfg = Debug|Any CPU
		{1FDB32D8-B5C7-480A-B0CB-8B87F5275C18}.Debug|Any CPU.Build.0 = Debug|Any CPU
		{1FDB32D8-B5C7-480A-B0CB-8B87F5275C18}.Debug|ARM.ActiveCfg = Debug|Any CPU
		{1FDB32D8-B5C7-480A-B0CB-8B87F5275C18}.Debug|ARM.Build.0 = Debug|Any CPU
		{1FDB32D8-B5C7-480A-B0CB-8B87F5275C18}.Debug|iPhone.ActiveCfg = Debug|Any CPU
		{1FDB32D8-B5C7-480A-B0CB-8B87F5275C18}.Debug|iPhone.Build.0 = Debug|Any CPU
		{1FDB32D8-B5C7-480A-B0CB-8B87F5275C18}.Debug|iPhoneSimulator.ActiveCfg = Debug|Any CPU
		{1FDB32D8-B5C7-480A-B0CB-8B87F5275C18}.Debug|iPhoneSimulator.Build.0 = Debug|Any CPU
		{1FDB32D8-B5C7-480A-B0CB-8B87F5275C18}.Debug|x64.ActiveCfg = Debug|Any CPU
		{1FDB32D8-B5C7-480A-B0CB-8B87F5275C18}.Debug|x64.Build.0 = Debug|Any CPU
		{1FDB32D8-B5C7-480A-B0CB-8B87F5275C18}.Debug|x86.ActiveCfg = Debug|Any CPU
		{1FDB32D8-B5C7-480A-B0CB-8B87F5275C18}.Debug|x86.Build.0 = Debug|Any CPU
		{1FDB32D8-B5C7-480A-B0CB-8B87F5275C18}.Release|Any CPU.ActiveCfg = Release|Any CPU
		{1FDB32D8-B5C7-480A-B0CB-8B87F5275C18}.Release|Any CPU.Build.0 = Release|Any CPU
		{1FDB32D8-B5C7-480A-B0CB-8B87F5275C18}.Release|ARM.ActiveCfg = Release|Any CPU
		{1FDB32D8-B5C7-480A-B0CB-8B87F5275C18}.Release|ARM.Build.0 = Release|Any CPU
		{1FDB32D8-B5C7-480A-B0CB-8B87F5275C18}.Release|iPhone.ActiveCfg = Release|Any CPU
		{1FDB32D8-B5C7-480A-B0CB-8B87F5275C18}.Release|iPhone.Build.0 = Release|Any CPU
		{1FDB32D8-B5C7-480A-B0CB-8B87F5275C18}.Release|iPhoneSimulator.ActiveCfg = Release|Any CPU
		{1FDB32D8-B5C7-480A-B0CB-8B87F5275C18}.Release|iPhoneSimulator.Build.0 = Release|Any CPU
		{1FDB32D8-B5C7-480A-B0CB-8B87F5275C18}.Release|x64.ActiveCfg = Release|Any CPU
		{1FDB32D8-B5C7-480A-B0CB-8B87F5275C18}.Release|x64.Build.0 = Release|Any CPU
		{1FDB32D8-B5C7-480A-B0CB-8B87F5275C18}.Release|x86.ActiveCfg = Release|Any CPU
		{1FDB32D8-B5C7-480A-B0CB-8B87F5275C18}.Release|x86.Build.0 = Release|Any CPU
		{96BF9A6F-876C-494B-9567-2960D2F1859D}.Ad-Hoc|Any CPU.ActiveCfg = Release|Any CPU
		{96BF9A6F-876C-494B-9567-2960D2F1859D}.Ad-Hoc|Any CPU.Build.0 = Release|Any CPU
		{96BF9A6F-876C-494B-9567-2960D2F1859D}.Ad-Hoc|ARM.ActiveCfg = Release|Any CPU
		{96BF9A6F-876C-494B-9567-2960D2F1859D}.Ad-Hoc|ARM.Build.0 = Release|Any CPU
		{96BF9A6F-876C-494B-9567-2960D2F1859D}.Ad-Hoc|iPhone.ActiveCfg = Release|Any CPU
		{96BF9A6F-876C-494B-9567-2960D2F1859D}.Ad-Hoc|iPhone.Build.0 = Release|Any CPU
		{96BF9A6F-876C-494B-9567-2960D2F1859D}.Ad-Hoc|iPhoneSimulator.ActiveCfg = Release|Any CPU
		{96BF9A6F-876C-494B-9567-2960D2F1859D}.Ad-Hoc|iPhoneSimulator.Build.0 = Release|Any CPU
		{96BF9A6F-876C-494B-9567-2960D2F1859D}.Ad-Hoc|x64.ActiveCfg = Release|Any CPU
		{96BF9A6F-876C-494B-9567-2960D2F1859D}.Ad-Hoc|x64.Build.0 = Release|Any CPU
		{96BF9A6F-876C-494B-9567-2960D2F1859D}.Ad-Hoc|x86.ActiveCfg = Release|Any CPU
		{96BF9A6F-876C-494B-9567-2960D2F1859D}.Ad-Hoc|x86.Build.0 = Release|Any CPU
		{96BF9A6F-876C-494B-9567-2960D2F1859D}.AppStore|Any CPU.ActiveCfg = Release|Any CPU
		{96BF9A6F-876C-494B-9567-2960D2F1859D}.AppStore|Any CPU.Build.0 = Release|Any CPU
		{96BF9A6F-876C-494B-9567-2960D2F1859D}.AppStore|ARM.ActiveCfg = Release|Any CPU
		{96BF9A6F-876C-494B-9567-2960D2F1859D}.AppStore|ARM.Build.0 = Release|Any CPU
		{96BF9A6F-876C-494B-9567-2960D2F1859D}.AppStore|iPhone.ActiveCfg = Release|Any CPU
		{96BF9A6F-876C-494B-9567-2960D2F1859D}.AppStore|iPhone.Build.0 = Release|Any CPU
		{96BF9A6F-876C-494B-9567-2960D2F1859D}.AppStore|iPhoneSimulator.ActiveCfg = Release|Any CPU
		{96BF9A6F-876C-494B-9567-2960D2F1859D}.AppStore|iPhoneSimulator.Build.0 = Release|Any CPU
		{96BF9A6F-876C-494B-9567-2960D2F1859D}.AppStore|x64.ActiveCfg = Release|Any CPU
		{96BF9A6F-876C-494B-9567-2960D2F1859D}.AppStore|x64.Build.0 = Release|Any CPU
		{96BF9A6F-876C-494B-9567-2960D2F1859D}.AppStore|x86.ActiveCfg = Release|Any CPU
		{96BF9A6F-876C-494B-9567-2960D2F1859D}.AppStore|x86.Build.0 = Release|Any CPU
		{96BF9A6F-876C-494B-9567-2960D2F1859D}.Debug|Any CPU.ActiveCfg = Debug|Any CPU
		{96BF9A6F-876C-494B-9567-2960D2F1859D}.Debug|Any CPU.Build.0 = Debug|Any CPU
		{96BF9A6F-876C-494B-9567-2960D2F1859D}.Debug|ARM.ActiveCfg = Debug|Any CPU
		{96BF9A6F-876C-494B-9567-2960D2F1859D}.Debug|ARM.Build.0 = Debug|Any CPU
		{96BF9A6F-876C-494B-9567-2960D2F1859D}.Debug|iPhone.ActiveCfg = Debug|Any CPU
		{96BF9A6F-876C-494B-9567-2960D2F1859D}.Debug|iPhone.Build.0 = Debug|Any CPU
		{96BF9A6F-876C-494B-9567-2960D2F1859D}.Debug|iPhoneSimulator.ActiveCfg = Debug|Any CPU
		{96BF9A6F-876C-494B-9567-2960D2F1859D}.Debug|iPhoneSimulator.Build.0 = Debug|Any CPU
		{96BF9A6F-876C-494B-9567-2960D2F1859D}.Debug|x64.ActiveCfg = Debug|Any CPU
		{96BF9A6F-876C-494B-9567-2960D2F1859D}.Debug|x64.Build.0 = Debug|Any CPU
		{96BF9A6F-876C-494B-9567-2960D2F1859D}.Debug|x86.ActiveCfg = Debug|Any CPU
		{96BF9A6F-876C-494B-9567-2960D2F1859D}.Debug|x86.Build.0 = Debug|Any CPU
		{96BF9A6F-876C-494B-9567-2960D2F1859D}.Release|Any CPU.ActiveCfg = Release|Any CPU
		{96BF9A6F-876C-494B-9567-2960D2F1859D}.Release|Any CPU.Build.0 = Release|Any CPU
		{96BF9A6F-876C-494B-9567-2960D2F1859D}.Release|ARM.ActiveCfg = Release|Any CPU
		{96BF9A6F-876C-494B-9567-2960D2F1859D}.Release|ARM.Build.0 = Release|Any CPU
		{96BF9A6F-876C-494B-9567-2960D2F1859D}.Release|iPhone.ActiveCfg = Release|Any CPU
		{96BF9A6F-876C-494B-9567-2960D2F1859D}.Release|iPhone.Build.0 = Release|Any CPU
		{96BF9A6F-876C-494B-9567-2960D2F1859D}.Release|iPhoneSimulator.ActiveCfg = Release|Any CPU
		{96BF9A6F-876C-494B-9567-2960D2F1859D}.Release|iPhoneSimulator.Build.0 = Release|Any CPU
		{96BF9A6F-876C-494B-9567-2960D2F1859D}.Release|x64.ActiveCfg = Release|Any CPU
		{96BF9A6F-876C-494B-9567-2960D2F1859D}.Release|x64.Build.0 = Release|Any CPU
		{96BF9A6F-876C-494B-9567-2960D2F1859D}.Release|x86.ActiveCfg = Release|Any CPU
		{96BF9A6F-876C-494B-9567-2960D2F1859D}.Release|x86.Build.0 = Release|Any CPU
		{030A368F-9CE5-468C-BBAF-498CF6FFF298}.Ad-Hoc|Any CPU.ActiveCfg = Release|Any CPU
		{030A368F-9CE5-468C-BBAF-498CF6FFF298}.Ad-Hoc|Any CPU.Build.0 = Release|Any CPU
		{030A368F-9CE5-468C-BBAF-498CF6FFF298}.Ad-Hoc|ARM.ActiveCfg = Release|Any CPU
		{030A368F-9CE5-468C-BBAF-498CF6FFF298}.Ad-Hoc|ARM.Build.0 = Release|Any CPU
		{030A368F-9CE5-468C-BBAF-498CF6FFF298}.Ad-Hoc|iPhone.ActiveCfg = Release|Any CPU
		{030A368F-9CE5-468C-BBAF-498CF6FFF298}.Ad-Hoc|iPhone.Build.0 = Release|Any CPU
		{030A368F-9CE5-468C-BBAF-498CF6FFF298}.Ad-Hoc|iPhoneSimulator.ActiveCfg = Release|Any CPU
		{030A368F-9CE5-468C-BBAF-498CF6FFF298}.Ad-Hoc|iPhoneSimulator.Build.0 = Release|Any CPU
		{030A368F-9CE5-468C-BBAF-498CF6FFF298}.Ad-Hoc|x64.ActiveCfg = Release|Any CPU
		{030A368F-9CE5-468C-BBAF-498CF6FFF298}.Ad-Hoc|x64.Build.0 = Release|Any CPU
		{030A368F-9CE5-468C-BBAF-498CF6FFF298}.Ad-Hoc|x86.ActiveCfg = Release|Any CPU
		{030A368F-9CE5-468C-BBAF-498CF6FFF298}.Ad-Hoc|x86.Build.0 = Release|Any CPU
		{030A368F-9CE5-468C-BBAF-498CF6FFF298}.AppStore|Any CPU.ActiveCfg = Release|Any CPU
		{030A368F-9CE5-468C-BBAF-498CF6FFF298}.AppStore|Any CPU.Build.0 = Release|Any CPU
		{030A368F-9CE5-468C-BBAF-498CF6FFF298}.AppStore|ARM.ActiveCfg = Release|Any CPU
		{030A368F-9CE5-468C-BBAF-498CF6FFF298}.AppStore|ARM.Build.0 = Release|Any CPU
		{030A368F-9CE5-468C-BBAF-498CF6FFF298}.AppStore|iPhone.ActiveCfg = Release|Any CPU
		{030A368F-9CE5-468C-BBAF-498CF6FFF298}.AppStore|iPhone.Build.0 = Release|Any CPU
		{030A368F-9CE5-468C-BBAF-498CF6FFF298}.AppStore|iPhoneSimulator.ActiveCfg = Release|Any CPU
		{030A368F-9CE5-468C-BBAF-498CF6FFF298}.AppStore|iPhoneSimulator.Build.0 = Release|Any CPU
		{030A368F-9CE5-468C-BBAF-498CF6FFF298}.AppStore|x64.ActiveCfg = Release|Any CPU
		{030A368F-9CE5-468C-BBAF-498CF6FFF298}.AppStore|x64.Build.0 = Release|Any CPU
		{030A368F-9CE5-468C-BBAF-498CF6FFF298}.AppStore|x86.ActiveCfg = Release|Any CPU
		{030A368F-9CE5-468C-BBAF-498CF6FFF298}.AppStore|x86.Build.0 = Release|Any CPU
		{030A368F-9CE5-468C-BBAF-498CF6FFF298}.Debug|Any CPU.ActiveCfg = Debug|Any CPU
		{030A368F-9CE5-468C-BBAF-498CF6FFF298}.Debug|Any CPU.Build.0 = Debug|Any CPU
		{030A368F-9CE5-468C-BBAF-498CF6FFF298}.Debug|ARM.ActiveCfg = Debug|Any CPU
		{030A368F-9CE5-468C-BBAF-498CF6FFF298}.Debug|ARM.Build.0 = Debug|Any CPU
		{030A368F-9CE5-468C-BBAF-498CF6FFF298}.Debug|iPhone.ActiveCfg = Debug|Any CPU
		{030A368F-9CE5-468C-BBAF-498CF6FFF298}.Debug|iPhone.Build.0 = Debug|Any CPU
		{030A368F-9CE5-468C-BBAF-498CF6FFF298}.Debug|iPhoneSimulator.ActiveCfg = Debug|Any CPU
		{030A368F-9CE5-468C-BBAF-498CF6FFF298}.Debug|iPhoneSimulator.Build.0 = Debug|Any CPU
		{030A368F-9CE5-468C-BBAF-498CF6FFF298}.Debug|x64.ActiveCfg = Debug|Any CPU
		{030A368F-9CE5-468C-BBAF-498CF6FFF298}.Debug|x64.Build.0 = Debug|Any CPU
		{030A368F-9CE5-468C-BBAF-498CF6FFF298}.Debug|x86.ActiveCfg = Debug|Any CPU
		{030A368F-9CE5-468C-BBAF-498CF6FFF298}.Debug|x86.Build.0 = Debug|Any CPU
		{030A368F-9CE5-468C-BBAF-498CF6FFF298}.Release|Any CPU.ActiveCfg = Release|Any CPU
		{030A368F-9CE5-468C-BBAF-498CF6FFF298}.Release|Any CPU.Build.0 = Release|Any CPU
		{030A368F-9CE5-468C-BBAF-498CF6FFF298}.Release|ARM.ActiveCfg = Release|Any CPU
		{030A368F-9CE5-468C-BBAF-498CF6FFF298}.Release|ARM.Build.0 = Release|Any CPU
		{030A368F-9CE5-468C-BBAF-498CF6FFF298}.Release|iPhone.ActiveCfg = Release|Any CPU
		{030A368F-9CE5-468C-BBAF-498CF6FFF298}.Release|iPhone.Build.0 = Release|Any CPU
		{030A368F-9CE5-468C-BBAF-498CF6FFF298}.Release|iPhoneSimulator.ActiveCfg = Release|Any CPU
		{030A368F-9CE5-468C-BBAF-498CF6FFF298}.Release|iPhoneSimulator.Build.0 = Release|Any CPU
		{030A368F-9CE5-468C-BBAF-498CF6FFF298}.Release|x64.ActiveCfg = Release|Any CPU
		{030A368F-9CE5-468C-BBAF-498CF6FFF298}.Release|x64.Build.0 = Release|Any CPU
		{030A368F-9CE5-468C-BBAF-498CF6FFF298}.Release|x86.ActiveCfg = Release|Any CPU
		{030A368F-9CE5-468C-BBAF-498CF6FFF298}.Release|x86.Build.0 = Release|Any CPU
		{677CB9C2-DA74-44E7-B8F4-5B24F90A6137}.Ad-Hoc|Any CPU.ActiveCfg = Release|Any CPU
		{677CB9C2-DA74-44E7-B8F4-5B24F90A6137}.Ad-Hoc|Any CPU.Build.0 = Release|Any CPU
		{677CB9C2-DA74-44E7-B8F4-5B24F90A6137}.Ad-Hoc|ARM.ActiveCfg = Release|Any CPU
		{677CB9C2-DA74-44E7-B8F4-5B24F90A6137}.Ad-Hoc|ARM.Build.0 = Release|Any CPU
		{677CB9C2-DA74-44E7-B8F4-5B24F90A6137}.Ad-Hoc|iPhone.ActiveCfg = Release|Any CPU
		{677CB9C2-DA74-44E7-B8F4-5B24F90A6137}.Ad-Hoc|iPhone.Build.0 = Release|Any CPU
		{677CB9C2-DA74-44E7-B8F4-5B24F90A6137}.Ad-Hoc|iPhoneSimulator.ActiveCfg = Release|Any CPU
		{677CB9C2-DA74-44E7-B8F4-5B24F90A6137}.Ad-Hoc|iPhoneSimulator.Build.0 = Release|Any CPU
		{677CB9C2-DA74-44E7-B8F4-5B24F90A6137}.Ad-Hoc|x64.ActiveCfg = Release|Any CPU
		{677CB9C2-DA74-44E7-B8F4-5B24F90A6137}.Ad-Hoc|x64.Build.0 = Release|Any CPU
		{677CB9C2-DA74-44E7-B8F4-5B24F90A6137}.Ad-Hoc|x86.ActiveCfg = Release|Any CPU
		{677CB9C2-DA74-44E7-B8F4-5B24F90A6137}.Ad-Hoc|x86.Build.0 = Release|Any CPU
		{677CB9C2-DA74-44E7-B8F4-5B24F90A6137}.AppStore|Any CPU.ActiveCfg = Release|Any CPU
		{677CB9C2-DA74-44E7-B8F4-5B24F90A6137}.AppStore|Any CPU.Build.0 = Release|Any CPU
		{677CB9C2-DA74-44E7-B8F4-5B24F90A6137}.AppStore|ARM.ActiveCfg = Release|Any CPU
		{677CB9C2-DA74-44E7-B8F4-5B24F90A6137}.AppStore|ARM.Build.0 = Release|Any CPU
		{677CB9C2-DA74-44E7-B8F4-5B24F90A6137}.AppStore|iPhone.ActiveCfg = Release|Any CPU
		{677CB9C2-DA74-44E7-B8F4-5B24F90A6137}.AppStore|iPhone.Build.0 = Release|Any CPU
		{677CB9C2-DA74-44E7-B8F4-5B24F90A6137}.AppStore|iPhoneSimulator.ActiveCfg = Release|Any CPU
		{677CB9C2-DA74-44E7-B8F4-5B24F90A6137}.AppStore|iPhoneSimulator.Build.0 = Release|Any CPU
		{677CB9C2-DA74-44E7-B8F4-5B24F90A6137}.AppStore|x64.ActiveCfg = Release|Any CPU
		{677CB9C2-DA74-44E7-B8F4-5B24F90A6137}.AppStore|x64.Build.0 = Release|Any CPU
		{677CB9C2-DA74-44E7-B8F4-5B24F90A6137}.AppStore|x86.ActiveCfg = Release|Any CPU
		{677CB9C2-DA74-44E7-B8F4-5B24F90A6137}.AppStore|x86.Build.0 = Release|Any CPU
		{677CB9C2-DA74-44E7-B8F4-5B24F90A6137}.Debug|Any CPU.ActiveCfg = Debug|Any CPU
		{677CB9C2-DA74-44E7-B8F4-5B24F90A6137}.Debug|Any CPU.Build.0 = Debug|Any CPU
		{677CB9C2-DA74-44E7-B8F4-5B24F90A6137}.Debug|ARM.ActiveCfg = Debug|Any CPU
		{677CB9C2-DA74-44E7-B8F4-5B24F90A6137}.Debug|ARM.Build.0 = Debug|Any CPU
		{677CB9C2-DA74-44E7-B8F4-5B24F90A6137}.Debug|iPhone.ActiveCfg = Debug|Any CPU
		{677CB9C2-DA74-44E7-B8F4-5B24F90A6137}.Debug|iPhone.Build.0 = Debug|Any CPU
		{677CB9C2-DA74-44E7-B8F4-5B24F90A6137}.Debug|iPhoneSimulator.ActiveCfg = Debug|Any CPU
		{677CB9C2-DA74-44E7-B8F4-5B24F90A6137}.Debug|iPhoneSimulator.Build.0 = Debug|Any CPU
		{677CB9C2-DA74-44E7-B8F4-5B24F90A6137}.Debug|x64.ActiveCfg = Debug|Any CPU
		{677CB9C2-DA74-44E7-B8F4-5B24F90A6137}.Debug|x64.Build.0 = Debug|Any CPU
		{677CB9C2-DA74-44E7-B8F4-5B24F90A6137}.Debug|x86.ActiveCfg = Debug|Any CPU
		{677CB9C2-DA74-44E7-B8F4-5B24F90A6137}.Debug|x86.Build.0 = Debug|Any CPU
		{677CB9C2-DA74-44E7-B8F4-5B24F90A6137}.Release|Any CPU.ActiveCfg = Release|Any CPU
		{677CB9C2-DA74-44E7-B8F4-5B24F90A6137}.Release|Any CPU.Build.0 = Release|Any CPU
		{677CB9C2-DA74-44E7-B8F4-5B24F90A6137}.Release|ARM.ActiveCfg = Release|Any CPU
		{677CB9C2-DA74-44E7-B8F4-5B24F90A6137}.Release|ARM.Build.0 = Release|Any CPU
		{677CB9C2-DA74-44E7-B8F4-5B24F90A6137}.Release|iPhone.ActiveCfg = Release|Any CPU
		{677CB9C2-DA74-44E7-B8F4-5B24F90A6137}.Release|iPhone.Build.0 = Release|Any CPU
		{677CB9C2-DA74-44E7-B8F4-5B24F90A6137}.Release|iPhoneSimulator.ActiveCfg = Release|Any CPU
		{677CB9C2-DA74-44E7-B8F4-5B24F90A6137}.Release|iPhoneSimulator.Build.0 = Release|Any CPU
		{677CB9C2-DA74-44E7-B8F4-5B24F90A6137}.Release|x64.ActiveCfg = Release|Any CPU
		{677CB9C2-DA74-44E7-B8F4-5B24F90A6137}.Release|x64.Build.0 = Release|Any CPU
		{677CB9C2-DA74-44E7-B8F4-5B24F90A6137}.Release|x86.ActiveCfg = Release|Any CPU
		{677CB9C2-DA74-44E7-B8F4-5B24F90A6137}.Release|x86.Build.0 = Release|Any CPU
		{07D85814-AF37-4674-AD0B-06102F765869}.Ad-Hoc|Any CPU.ActiveCfg = Release|Any CPU
		{07D85814-AF37-4674-AD0B-06102F765869}.Ad-Hoc|Any CPU.Build.0 = Release|Any CPU
		{07D85814-AF37-4674-AD0B-06102F765869}.Ad-Hoc|ARM.ActiveCfg = Release|Any CPU
		{07D85814-AF37-4674-AD0B-06102F765869}.Ad-Hoc|ARM.Build.0 = Release|Any CPU
		{07D85814-AF37-4674-AD0B-06102F765869}.Ad-Hoc|iPhone.ActiveCfg = Release|Any CPU
		{07D85814-AF37-4674-AD0B-06102F765869}.Ad-Hoc|iPhone.Build.0 = Release|Any CPU
		{07D85814-AF37-4674-AD0B-06102F765869}.Ad-Hoc|iPhoneSimulator.ActiveCfg = Release|Any CPU
		{07D85814-AF37-4674-AD0B-06102F765869}.Ad-Hoc|iPhoneSimulator.Build.0 = Release|Any CPU
		{07D85814-AF37-4674-AD0B-06102F765869}.Ad-Hoc|x64.ActiveCfg = Release|Any CPU
		{07D85814-AF37-4674-AD0B-06102F765869}.Ad-Hoc|x64.Build.0 = Release|Any CPU
		{07D85814-AF37-4674-AD0B-06102F765869}.Ad-Hoc|x86.ActiveCfg = Release|Any CPU
		{07D85814-AF37-4674-AD0B-06102F765869}.Ad-Hoc|x86.Build.0 = Release|Any CPU
		{07D85814-AF37-4674-AD0B-06102F765869}.AppStore|Any CPU.ActiveCfg = Release|Any CPU
		{07D85814-AF37-4674-AD0B-06102F765869}.AppStore|Any CPU.Build.0 = Release|Any CPU
		{07D85814-AF37-4674-AD0B-06102F765869}.AppStore|ARM.ActiveCfg = Release|Any CPU
		{07D85814-AF37-4674-AD0B-06102F765869}.AppStore|ARM.Build.0 = Release|Any CPU
		{07D85814-AF37-4674-AD0B-06102F765869}.AppStore|iPhone.ActiveCfg = Release|Any CPU
		{07D85814-AF37-4674-AD0B-06102F765869}.AppStore|iPhone.Build.0 = Release|Any CPU
		{07D85814-AF37-4674-AD0B-06102F765869}.AppStore|iPhoneSimulator.ActiveCfg = Release|Any CPU
		{07D85814-AF37-4674-AD0B-06102F765869}.AppStore|iPhoneSimulator.Build.0 = Release|Any CPU
		{07D85814-AF37-4674-AD0B-06102F765869}.AppStore|x64.ActiveCfg = Release|Any CPU
		{07D85814-AF37-4674-AD0B-06102F765869}.AppStore|x64.Build.0 = Release|Any CPU
		{07D85814-AF37-4674-AD0B-06102F765869}.AppStore|x86.ActiveCfg = Release|Any CPU
		{07D85814-AF37-4674-AD0B-06102F765869}.AppStore|x86.Build.0 = Release|Any CPU
		{07D85814-AF37-4674-AD0B-06102F765869}.Debug|Any CPU.ActiveCfg = Debug|Any CPU
		{07D85814-AF37-4674-AD0B-06102F765869}.Debug|Any CPU.Build.0 = Debug|Any CPU
		{07D85814-AF37-4674-AD0B-06102F765869}.Debug|ARM.ActiveCfg = Debug|Any CPU
		{07D85814-AF37-4674-AD0B-06102F765869}.Debug|ARM.Build.0 = Debug|Any CPU
		{07D85814-AF37-4674-AD0B-06102F765869}.Debug|iPhone.ActiveCfg = Debug|Any CPU
		{07D85814-AF37-4674-AD0B-06102F765869}.Debug|iPhone.Build.0 = Debug|Any CPU
		{07D85814-AF37-4674-AD0B-06102F765869}.Debug|iPhoneSimulator.ActiveCfg = Debug|Any CPU
		{07D85814-AF37-4674-AD0B-06102F765869}.Debug|iPhoneSimulator.Build.0 = Debug|Any CPU
		{07D85814-AF37-4674-AD0B-06102F765869}.Debug|x64.ActiveCfg = Debug|Any CPU
		{07D85814-AF37-4674-AD0B-06102F765869}.Debug|x64.Build.0 = Debug|Any CPU
		{07D85814-AF37-4674-AD0B-06102F765869}.Debug|x86.ActiveCfg = Debug|Any CPU
		{07D85814-AF37-4674-AD0B-06102F765869}.Debug|x86.Build.0 = Debug|Any CPU
		{07D85814-AF37-4674-AD0B-06102F765869}.Release|Any CPU.ActiveCfg = Release|Any CPU
		{07D85814-AF37-4674-AD0B-06102F765869}.Release|Any CPU.Build.0 = Release|Any CPU
		{07D85814-AF37-4674-AD0B-06102F765869}.Release|ARM.ActiveCfg = Release|Any CPU
		{07D85814-AF37-4674-AD0B-06102F765869}.Release|ARM.Build.0 = Release|Any CPU
		{07D85814-AF37-4674-AD0B-06102F765869}.Release|iPhone.ActiveCfg = Release|Any CPU
		{07D85814-AF37-4674-AD0B-06102F765869}.Release|iPhone.Build.0 = Release|Any CPU
		{07D85814-AF37-4674-AD0B-06102F765869}.Release|iPhoneSimulator.ActiveCfg = Release|Any CPU
		{07D85814-AF37-4674-AD0B-06102F765869}.Release|iPhoneSimulator.Build.0 = Release|Any CPU
		{07D85814-AF37-4674-AD0B-06102F765869}.Release|x64.ActiveCfg = Release|Any CPU
		{07D85814-AF37-4674-AD0B-06102F765869}.Release|x64.Build.0 = Release|Any CPU
		{07D85814-AF37-4674-AD0B-06102F765869}.Release|x86.ActiveCfg = Release|Any CPU
		{07D85814-AF37-4674-AD0B-06102F765869}.Release|x86.Build.0 = Release|Any CPU
	EndGlobalSection
	GlobalSection(SolutionProperties) = preSolution
		HideSolutionNode = FALSE
	EndGlobalSection
	GlobalSection(NestedProjects) = preSolution
		{1FDB32D8-B5C7-480A-B0CB-8B87F5275C18} = {D7B20D7B-0640-4174-96F4-A95AEBA6F922}
		{96BF9A6F-876C-494B-9567-2960D2F1859D} = {B32A1DDE-B150-4054-A230-6998F4CE3B19}
		{030A368F-9CE5-468C-BBAF-498CF6FFF298} = {C581BD24-349F-404B-B932-B52E598BDD78}
		{677CB9C2-DA74-44E7-B8F4-5B24F90A6137} = {859F49D0-8E98-4AFE-8E92-9B7FCD491DB1}
		{07D85814-AF37-4674-AD0B-06102F765869} = {4032ADAD-B62E-4D50-B389-727E51C4ADE7}
	EndGlobalSection
	GlobalSection(ExtensibilityGlobals) = postSolution
		SolutionGuid = {3B19E2F9-E7AA-45D4-AFE3-5A8B4FC20161}
	EndGlobalSection
EndGlobal
